
Microsoft Visual Studio Solution File, Format Version 12.00
# Visual Studio Version 17
VisualStudioVersion = 17.13.35825.156 d17.13
MinimumVisualStudioVersion = 10.0.40219.1
Project("{FAE04EC0-301F-11D3-BF4B-00C04F79EFBC}") = "WebApplication1", "WebApplication1.csproj", "{2FF202EE-7F3E-4BEB-B53C-33913C1C632D}"
EndProject
Global
	GlobalSection(SolutionConfigurationPlatforms) = preSolution
		Debug|Any CPU = Debug|Any CPU
		Release|Any CPU = Release|Any CPU
	EndGlobalSection
	GlobalSection(ProjectConfigurationPlatforms) = postSolution
		{2FF202EE-7F3E-4BEB-B53C-33913C1C632D}.Debug|Any CPU.ActiveCfg = Debug|Any CPU
		{2FF202EE-7F3E-4BEB-B53C-33913C1C632D}.Debug|Any CPU.Build.0 = Debug|Any CPU
		{2FF202EE-7F3E-4BEB-B53C-33913C1C632D}.Release|Any CPU.ActiveCfg = Release|Any CPU
		{2FF202EE-7F3E-4BEB-B53C-33913C1C632D}.Release|Any CPU.Build.0 = Release|Any CPU
	EndGlobalSection
	GlobalSection(SolutionProperties) = preSolution
		HideSolutionNode = FALSE
	EndGlobalSection
	GlobalSection(ExtensibilityGlobals) = postSolution
		SolutionGuid = {506EBBB2-C334-40B9-9E1E-947FCFA10EC8}
	EndGlobalSection
EndGlobal
